
Microsoft Visual Studio Solution File, Format Version 12.00
# Visual Studio Version 16
VisualStudioVersion = 16.0.31624.102
MinimumVisualStudioVersion = 10.0.40219.1
Project("{FAE04EC0-301F-11D3-BF4B-00C04F79EFBC}") = "BitwiseOperations", "BitwiseOperations\BitwiseOperations.csproj", "{FB6391F1-656E-4BF8-ABCD-283BE61A7CE6}"
EndProject
Global
	GlobalSection(SolutionConfigurationPlatforms) = preSolution
		Debug|Any CPU = Debug|Any CPU
		Release|Any CPU = Release|Any CPU
	EndGlobalSection
	GlobalSection(ProjectConfigurationPlatforms) = postSolution
		{FB6391F1-656E-4BF8-ABCD-283BE61A7CE6}.Debug|Any CPU.ActiveCfg = Debug|Any CPU
		{FB6391F1-656E-4BF8-ABCD-283BE61A7CE6}.Debug|Any CPU.Build.0 = Debug|Any CPU
		{FB6391F1-656E-4BF8-ABCD-283BE61A7CE6}.Release|Any CPU.ActiveCfg = Release|Any CPU
		{FB6391F1-656E-4BF8-ABCD-283BE61A7CE6}.Release|Any CPU.Build.0 = Release|Any CPU
	EndGlobalSection
	GlobalSection(SolutionProperties) = preSolution
		HideSolutionNode = FALSE
	EndGlobalSection
	GlobalSection(ExtensibilityGlobals) = postSolution
		SolutionGuid = {EC51B671-E1DA-4493-9E9C-3879FE5EF2F6}
	EndGlobalSection
EndGlobal
