
Microsoft Visual Studio Solution File, Format Version 12.00
# Visual Studio Version 16
VisualStudioVersion = 16.0.31624.102
MinimumVisualStudioVersion = 10.0.40219.1
Project("{FAE04EC0-301F-11D3-BF4B-00C04F79EFBC}") = "IntroAndBasicSyntax", "IntroAndBasicSyntax\IntroAndBasicSyntax.csproj", "{2290F592-2409-4643-AD19-E8BBED6F8370}"
EndProject
Project("{FAE04EC0-301F-11D3-BF4B-00C04F79EFBC}") = "MonthPrinter", "MonthPrinter\MonthPrinter.csproj", "{C20C631C-D91B-43AD-9E16-2F4D8C489C28}"
EndProject
Project("{FAE04EC0-301F-11D3-BF4B-00C04F79EFBC}") = "ForeignLanguages", "ForeignLanguages\ForeignLanguages.csproj", "{2B90EB06-14A0-4C86-8430-B8676794853F}"
EndProject
Project("{FAE04EC0-301F-11D3-BF4B-00C04F79EFBC}") = "TheatrePromotion", "TheatrePromotion\TheatrePromotion.csproj", "{ED41A432-D09B-404C-9564-8AA2DD58C30E}"
EndProject
Project("{FAE04EC0-301F-11D3-BF4B-00C04F79EFBC}") = "DivisibleBy3", "DivisibleBy3\DivisibleBy3.csproj", "{66A4AB66-63C7-4288-8ADC-DAFE4DC4B789}"
EndProject
Project("{FAE04EC0-301F-11D3-BF4B-00C04F79EFBC}") = "SumOfOddNumbers", "SumOfOddNumbers\SumOfOddNumbers.csproj", "{691D5C3C-2BF3-4124-AB95-34FF93675062}"
EndProject
Project("{FAE04EC0-301F-11D3-BF4B-00C04F79EFBC}") = "MultiplicationTable", "MultiplicationTable\MultiplicationTable.csproj", "{D85EAC32-33DE-45D7-B949-50AEDA2B723F}"
EndProject
Project("{FAE04EC0-301F-11D3-BF4B-00C04F79EFBC}") = "EvenNumber", "EvenNumber\EvenNumber.csproj", "{25E4F4E3-1104-4A31-BD9C-7A07B6245275}"
EndProject
Project("{FAE04EC0-301F-11D3-BF4B-00C04F79EFBC}") = "HolidaysBetweenTwoDates", "HolidaysBetweenTwoDates\HolidaysBetweenTwoDates.csproj", "{84B1203A-14B3-41B9-BBDC-E92DA9B43CAC}"
EndProject
Global
	GlobalSection(SolutionConfigurationPlatforms) = preSolution
		Debug|Any CPU = Debug|Any CPU
		Release|Any CPU = Release|Any CPU
	EndGlobalSection
	GlobalSection(ProjectConfigurationPlatforms) = postSolution
		{2290F592-2409-4643-AD19-E8BBED6F8370}.Debug|Any CPU.ActiveCfg = Debug|Any CPU
		{2290F592-2409-4643-AD19-E8BBED6F8370}.Debug|Any CPU.Build.0 = Debug|Any CPU
		{2290F592-2409-4643-AD19-E8BBED6F8370}.Release|Any CPU.ActiveCfg = Release|Any CPU
		{2290F592-2409-4643-AD19-E8BBED6F8370}.Release|Any CPU.Build.0 = Release|Any CPU
		{C20C631C-D91B-43AD-9E16-2F4D8C489C28}.Debug|Any CPU.ActiveCfg = Debug|Any CPU
		{C20C631C-D91B-43AD-9E16-2F4D8C489C28}.Debug|Any CPU.Build.0 = Debug|Any CPU
		{C20C631C-D91B-43AD-9E16-2F4D8C489C28}.Release|Any CPU.ActiveCfg = Release|Any CPU
		{C20C631C-D91B-43AD-9E16-2F4D8C489C28}.Release|Any CPU.Build.0 = Release|Any CPU
		{2B90EB06-14A0-4C86-8430-B8676794853F}.Debug|Any CPU.ActiveCfg = Debug|Any CPU
		{2B90EB06-14A0-4C86-8430-B8676794853F}.Debug|Any CPU.Build.0 = Debug|Any CPU
		{2B90EB06-14A0-4C86-8430-B8676794853F}.Release|Any CPU.ActiveCfg = Release|Any CPU
		{2B90EB06-14A0-4C86-8430-B8676794853F}.Release|Any CPU.Build.0 = Release|Any CPU
		{ED41A432-D09B-404C-9564-8AA2DD58C30E}.Debug|Any CPU.ActiveCfg = Debug|Any CPU
		{ED41A432-D09B-404C-9564-8AA2DD58C30E}.Debug|Any CPU.Build.0 = Debug|Any CPU
		{ED41A432-D09B-404C-9564-8AA2DD58C30E}.Release|Any CPU.ActiveCfg = Release|Any CPU
		{ED41A432-D09B-404C-9564-8AA2DD58C30E}.Release|Any CPU.Build.0 = Release|Any CPU
		{66A4AB66-63C7-4288-8ADC-DAFE4DC4B789}.Debug|Any CPU.ActiveCfg = Debug|Any CPU
		{66A4AB66-63C7-4288-8ADC-DAFE4DC4B789}.Debug|Any CPU.Build.0 = Debug|Any CPU
		{66A4AB66-63C7-4288-8ADC-DAFE4DC4B789}.Release|Any CPU.ActiveCfg = Release|Any CPU
		{66A4AB66-63C7-4288-8ADC-DAFE4DC4B789}.Release|Any CPU.Build.0 = Release|Any CPU
		{691D5C3C-2BF3-4124-AB95-34FF93675062}.Debug|Any CPU.ActiveCfg = Debug|Any CPU
		{691D5C3C-2BF3-4124-AB95-34FF93675062}.Debug|Any CPU.Build.0 = Debug|Any CPU
		{691D5C3C-2BF3-4124-AB95-34FF93675062}.Release|Any CPU.ActiveCfg = Release|Any CPU
		{691D5C3C-2BF3-4124-AB95-34FF93675062}.Release|Any CPU.Build.0 = Release|Any CPU
		{D85EAC32-33DE-45D7-B949-50AEDA2B723F}.Debug|Any CPU.ActiveCfg = Debug|Any CPU
		{D85EAC32-33DE-45D7-B949-50AEDA2B723F}.Debug|Any CPU.Build.0 = Debug|Any CPU
		{D85EAC32-33DE-45D7-B949-50AEDA2B723F}.Release|Any CPU.ActiveCfg = Release|Any CPU
		{D85EAC32-33DE-45D7-B949-50AEDA2B723F}.Release|Any CPU.Build.0 = Release|Any CPU
		{25E4F4E3-1104-4A31-BD9C-7A07B6245275}.Debug|Any CPU.ActiveCfg = Debug|Any CPU
		{25E4F4E3-1104-4A31-BD9C-7A07B6245275}.Debug|Any CPU.Build.0 = Debug|Any CPU
		{25E4F4E3-1104-4A31-BD9C-7A07B6245275}.Release|Any CPU.ActiveCfg = Release|Any CPU
		{25E4F4E3-1104-4A31-BD9C-7A07B6245275}.Release|Any CPU.Build.0 = Release|Any CPU
		{84B1203A-14B3-41B9-BBDC-E92DA9B43CAC}.Debug|Any CPU.ActiveCfg = Debug|Any CPU
		{84B1203A-14B3-41B9-BBDC-E92DA9B43CAC}.Debug|Any CPU.Build.0 = Debug|Any CPU
		{84B1203A-14B3-41B9-BBDC-E92DA9B43CAC}.Release|Any CPU.ActiveCfg = Release|Any CPU
		{84B1203A-14B3-41B9-BBDC-E92DA9B43CAC}.Release|Any CPU.Build.0 = Release|Any CPU
	EndGlobalSection
	GlobalSection(SolutionProperties) = preSolution
		HideSolutionNode = FALSE
	EndGlobalSection
	GlobalSection(ExtensibilityGlobals) = postSolution
		SolutionGuid = {EAE07DEA-2E77-4782-BFAA-7F3CFC72D763}
	EndGlobalSection
EndGlobal
