
Microsoft Visual Studio Solution File, Format Version 12.00
# Visual Studio Version 16
VisualStudioVersion = 16.0.31624.102
MinimumVisualStudioVersion = 10.0.40219.1
Project("{9A19103F-16F7-4668-BE54-9A1E7A4F7556}") = "MidExamPreparation", "MidExamPreparation\MidExamPreparation.csproj", "{F8C208C0-6A63-4160-B6B1-BA8016F26FD9}"
EndProject
Project("{9A19103F-16F7-4668-BE54-9A1E7A4F7556}") = "ShootForTheWin", "ShootForTheWin\ShootForTheWin.csproj", "{A52CF0E6-3398-46A7-96C7-32DCB1415C25}"
EndProject
Project("{9A19103F-16F7-4668-BE54-9A1E7A4F7556}") = "MemoryGame", "MemoryGame\MemoryGame.csproj", "{88D1BC96-DD30-48EE-8665-1FD46FDA8D34}"
EndProject
Project("{9A19103F-16F7-4668-BE54-9A1E7A4F7556}") = "ManOWar", "ManOWar\ManOWar.csproj", "{82CA3773-FFFB-4394-A70A-410E84029CB5}"
EndProject
Project("{9A19103F-16F7-4668-BE54-9A1E7A4F7556}") = "MuOnline", "MuOnline\MuOnline.csproj", "{3806C518-EE45-474C-9712-06CFB0DF1F4B}"
EndProject
Project("{FAE04EC0-301F-11D3-BF4B-00C04F79EFBC}") = "SoftuniReception", "SoftuniReception\SoftuniReception.csproj", "{2E59235B-47CE-4F76-B21F-76B33061EC59}"
EndProject
Project("{FAE04EC0-301F-11D3-BF4B-00C04F79EFBC}") = "ArrayModifier", "ArrayModifier\ArrayModifier.csproj", "{89D9AD99-87D2-46BE-8D67-8F2561BDB74C}"
EndProject
Project("{FAE04EC0-301F-11D3-BF4B-00C04F79EFBC}") = "Numbers", "Numbers\Numbers.csproj", "{925CA488-90B0-40B3-BE52-2F05908739E0}"
EndProject
Global
	GlobalSection(SolutionConfigurationPlatforms) = preSolution
		Debug|Any CPU = Debug|Any CPU
		Release|Any CPU = Release|Any CPU
	EndGlobalSection
	GlobalSection(ProjectConfigurationPlatforms) = postSolution
		{F8C208C0-6A63-4160-B6B1-BA8016F26FD9}.Debug|Any CPU.ActiveCfg = Debug|Any CPU
		{F8C208C0-6A63-4160-B6B1-BA8016F26FD9}.Debug|Any CPU.Build.0 = Debug|Any CPU
		{F8C208C0-6A63-4160-B6B1-BA8016F26FD9}.Release|Any CPU.ActiveCfg = Release|Any CPU
		{F8C208C0-6A63-4160-B6B1-BA8016F26FD9}.Release|Any CPU.Build.0 = Release|Any CPU
		{A52CF0E6-3398-46A7-96C7-32DCB1415C25}.Debug|Any CPU.ActiveCfg = Debug|Any CPU
		{A52CF0E6-3398-46A7-96C7-32DCB1415C25}.Debug|Any CPU.Build.0 = Debug|Any CPU
		{A52CF0E6-3398-46A7-96C7-32DCB1415C25}.Release|Any CPU.ActiveCfg = Release|Any CPU
		{A52CF0E6-3398-46A7-96C7-32DCB1415C25}.Release|Any CPU.Build.0 = Release|Any CPU
		{88D1BC96-DD30-48EE-8665-1FD46FDA8D34}.Debug|Any CPU.ActiveCfg = Debug|Any CPU
		{88D1BC96-DD30-48EE-8665-1FD46FDA8D34}.Debug|Any CPU.Build.0 = Debug|Any CPU
		{88D1BC96-DD30-48EE-8665-1FD46FDA8D34}.Release|Any CPU.ActiveCfg = Release|Any CPU
		{88D1BC96-DD30-48EE-8665-1FD46FDA8D34}.Release|Any CPU.Build.0 = Release|Any CPU
		{82CA3773-FFFB-4394-A70A-410E84029CB5}.Debug|Any CPU.ActiveCfg = Debug|Any CPU
		{82CA3773-FFFB-4394-A70A-410E84029CB5}.Debug|Any CPU.Build.0 = Debug|Any CPU
		{82CA3773-FFFB-4394-A70A-410E84029CB5}.Release|Any CPU.ActiveCfg = Release|Any CPU
		{82CA3773-FFFB-4394-A70A-410E84029CB5}.Release|Any CPU.Build.0 = Release|Any CPU
		{3806C518-EE45-474C-9712-06CFB0DF1F4B}.Debug|Any CPU.ActiveCfg = Debug|Any CPU
		{3806C518-EE45-474C-9712-06CFB0DF1F4B}.Debug|Any CPU.Build.0 = Debug|Any CPU
		{3806C518-EE45-474C-9712-06CFB0DF1F4B}.Release|Any CPU.ActiveCfg = Release|Any CPU
		{3806C518-EE45-474C-9712-06CFB0DF1F4B}.Release|Any CPU.Build.0 = Release|Any CPU
		{2E59235B-47CE-4F76-B21F-76B33061EC59}.Debug|Any CPU.ActiveCfg = Debug|Any CPU
		{2E59235B-47CE-4F76-B21F-76B33061EC59}.Debug|Any CPU.Build.0 = Debug|Any CPU
		{2E59235B-47CE-4F76-B21F-76B33061EC59}.Release|Any CPU.ActiveCfg = Release|Any CPU
		{2E59235B-47CE-4F76-B21F-76B33061EC59}.Release|Any CPU.Build.0 = Release|Any CPU
		{89D9AD99-87D2-46BE-8D67-8F2561BDB74C}.Debug|Any CPU.ActiveCfg = Debug|Any CPU
		{89D9AD99-87D2-46BE-8D67-8F2561BDB74C}.Debug|Any CPU.Build.0 = Debug|Any CPU
		{89D9AD99-87D2-46BE-8D67-8F2561BDB74C}.Release|Any CPU.ActiveCfg = Release|Any CPU
		{89D9AD99-87D2-46BE-8D67-8F2561BDB74C}.Release|Any CPU.Build.0 = Release|Any CPU
		{925CA488-90B0-40B3-BE52-2F05908739E0}.Debug|Any CPU.ActiveCfg = Debug|Any CPU
		{925CA488-90B0-40B3-BE52-2F05908739E0}.Debug|Any CPU.Build.0 = Debug|Any CPU
		{925CA488-90B0-40B3-BE52-2F05908739E0}.Release|Any CPU.ActiveCfg = Release|Any CPU
		{925CA488-90B0-40B3-BE52-2F05908739E0}.Release|Any CPU.Build.0 = Release|Any CPU
	EndGlobalSection
	GlobalSection(SolutionProperties) = preSolution
		HideSolutionNode = FALSE
	EndGlobalSection
	GlobalSection(ExtensibilityGlobals) = postSolution
		SolutionGuid = {4BCD6D01-4208-406B-B8DF-0C24E32AB898}
	EndGlobalSection
EndGlobal
