
Microsoft Visual Studio Solution File, Format Version 12.00
# Visual Studio Version 16
VisualStudioVersion = 16.0.32228.343
MinimumVisualStudioVersion = 10.0.40219.1
Project("{FAE04EC0-301F-11D3-BF4B-00C04F79EFBC}") = "FinalExam", "FinalExam\FinalExam.csproj", "{D6EE41FE-9D7A-4116-ABA3-CC7BD4591266}"
EndProject
Project("{FAE04EC0-301F-11D3-BF4B-00C04F79EFBC}") = "MessageDecrypter", "MessageDecrypter\MessageDecrypter.csproj", "{2ABE2F75-B60F-451A-BC8E-70E92956BAB3}"
EndProject
Project("{FAE04EC0-301F-11D3-BF4B-00C04F79EFBC}") = "HeroRecruitment", "HeroRecruitment\HeroRecruitment.csproj", "{4EF92979-0C2A-4B6F-B456-CB969C5C650A}"
EndProject
Global
	GlobalSection(SolutionConfigurationPlatforms) = preSolution
		Debug|Any CPU = Debug|Any CPU
		Release|Any CPU = Release|Any CPU
	EndGlobalSection
	GlobalSection(ProjectConfigurationPlatforms) = postSolution
		{D6EE41FE-9D7A-4116-ABA3-CC7BD4591266}.Debug|Any CPU.ActiveCfg = Debug|Any CPU
		{D6EE41FE-9D7A-4116-ABA3-CC7BD4591266}.Debug|Any CPU.Build.0 = Debug|Any CPU
		{D6EE41FE-9D7A-4116-ABA3-CC7BD4591266}.Release|Any CPU.ActiveCfg = Release|Any CPU
		{D6EE41FE-9D7A-4116-ABA3-CC7BD4591266}.Release|Any CPU.Build.0 = Release|Any CPU
		{2ABE2F75-B60F-451A-BC8E-70E92956BAB3}.Debug|Any CPU.ActiveCfg = Debug|Any CPU
		{2ABE2F75-B60F-451A-BC8E-70E92956BAB3}.Debug|Any CPU.Build.0 = Debug|Any CPU
		{2ABE2F75-B60F-451A-BC8E-70E92956BAB3}.Release|Any CPU.ActiveCfg = Release|Any CPU
		{2ABE2F75-B60F-451A-BC8E-70E92956BAB3}.Release|Any CPU.Build.0 = Release|Any CPU
		{4EF92979-0C2A-4B6F-B456-CB969C5C650A}.Debug|Any CPU.ActiveCfg = Debug|Any CPU
		{4EF92979-0C2A-4B6F-B456-CB969C5C650A}.Debug|Any CPU.Build.0 = Debug|Any CPU
		{4EF92979-0C2A-4B6F-B456-CB969C5C650A}.Release|Any CPU.ActiveCfg = Release|Any CPU
		{4EF92979-0C2A-4B6F-B456-CB969C5C650A}.Release|Any CPU.Build.0 = Release|Any CPU
	EndGlobalSection
	GlobalSection(SolutionProperties) = preSolution
		HideSolutionNode = FALSE
	EndGlobalSection
	GlobalSection(ExtensibilityGlobals) = postSolution
		SolutionGuid = {65DF8E73-5CC3-460C-90BF-387B2BA81A6D}
	EndGlobalSection
EndGlobal
