
Microsoft Visual Studio Solution File, Format Version 12.00
# Visual Studio Version 16
VisualStudioVersion = 16.0.31624.102
MinimumVisualStudioVersion = 10.0.40219.1
Project("{9A19103F-16F7-4668-BE54-9A1E7A4F7556}") = "RegularExpressions", "RegularExpressions\RegularExpressions.csproj", "{0C0CA06D-585F-40C9-8BD6-B76882E91535}"
EndProject
Project("{FAE04EC0-301F-11D3-BF4B-00C04F79EFBC}") = "MatchPhoneNumbers", "MatchPhoneNumbers\MatchPhoneNumbers.csproj", "{D196CF71-7EBB-4D56-80FC-C4DBB3996D4A}"
EndProject
Project("{FAE04EC0-301F-11D3-BF4B-00C04F79EFBC}") = "MatchDates", "MatchDates\MatchDates.csproj", "{2E1A0CAC-0FB2-4D0D-AE46-BC6F83A50743}"
EndProject
Global
	GlobalSection(SolutionConfigurationPlatforms) = preSolution
		Debug|Any CPU = Debug|Any CPU
		Release|Any CPU = Release|Any CPU
	EndGlobalSection
	GlobalSection(ProjectConfigurationPlatforms) = postSolution
		{0C0CA06D-585F-40C9-8BD6-B76882E91535}.Debug|Any CPU.ActiveCfg = Debug|Any CPU
		{0C0CA06D-585F-40C9-8BD6-B76882E91535}.Debug|Any CPU.Build.0 = Debug|Any CPU
		{0C0CA06D-585F-40C9-8BD6-B76882E91535}.Release|Any CPU.ActiveCfg = Release|Any CPU
		{0C0CA06D-585F-40C9-8BD6-B76882E91535}.Release|Any CPU.Build.0 = Release|Any CPU
		{D196CF71-7EBB-4D56-80FC-C4DBB3996D4A}.Debug|Any CPU.ActiveCfg = Debug|Any CPU
		{D196CF71-7EBB-4D56-80FC-C4DBB3996D4A}.Debug|Any CPU.Build.0 = Debug|Any CPU
		{D196CF71-7EBB-4D56-80FC-C4DBB3996D4A}.Release|Any CPU.ActiveCfg = Release|Any CPU
		{D196CF71-7EBB-4D56-80FC-C4DBB3996D4A}.Release|Any CPU.Build.0 = Release|Any CPU
		{2E1A0CAC-0FB2-4D0D-AE46-BC6F83A50743}.Debug|Any CPU.ActiveCfg = Debug|Any CPU
		{2E1A0CAC-0FB2-4D0D-AE46-BC6F83A50743}.Debug|Any CPU.Build.0 = Debug|Any CPU
		{2E1A0CAC-0FB2-4D0D-AE46-BC6F83A50743}.Release|Any CPU.ActiveCfg = Release|Any CPU
		{2E1A0CAC-0FB2-4D0D-AE46-BC6F83A50743}.Release|Any CPU.Build.0 = Release|Any CPU
	EndGlobalSection
	GlobalSection(SolutionProperties) = preSolution
		HideSolutionNode = FALSE
	EndGlobalSection
	GlobalSection(ExtensibilityGlobals) = postSolution
		SolutionGuid = {C3996224-9DB6-461E-A0F8-4E838694DB8B}
	EndGlobalSection
EndGlobal
